<?xml version="1.0" encoding="utf-8"?>
<Project ToolsVersion="4.0" xmlns="http://schemas.microsoft.com/developer/msbuild/2003">
  <ItemGroup>
    <Filter Include="Source Files">
      <UniqueIdentifier>{4FC737F1-C7A5-4376-A066-2A32D752A2FF}</UniqueIdentifier>
      <Extensions>cpp;c;cc;cxx;c++;cppm;ixx;def;odl;idl;hpj;bat;asm;asmx</Extensions>
    </Filter>
    <Filter Include="Header Files">
      <UniqueIdentifier>{93995380-89BD-4b04-88EB-625FBE52EBFB}</UniqueIdentifier>
      <Extensions>h;hh;hpp;hxx;h++;hm;inl;inc;ipp;xsd</Extensions>
    </Filter>
    <Filter Include="Resource Files">
      <UniqueIdentifier>{67DA6AB6-F800-4c08-8B7A-83BB121AAD01}</UniqueIdentifier>
      <Extensions>rc;ico;cur;bmp;dlg;rc2;rct;bin;rgs;gif;jpg;jpeg;jpe;resx;tiff;tif;png;wav;mfcribbon-ms</Extensions>
    </Filter>
    <Filter Include="include">
      <UniqueIdentifier>{54331585-628f-4db0-991f-9abe337442df}</UniqueIdentifier>
    </Filter>
    <Filter Include="include\olestem">
      <UniqueIdentifier>{8686b540-50ba-4ae7-b4f5-c1e24f8696b7}</UniqueIdentifier>
    </Filter>
    <Filter Include="include\olestem\indexing">
      <UniqueIdentifier>{0ae70c5c-031a-4a86-9974-681518653a07}</UniqueIdentifier>
    </Filter>
    <Filter Include="include\olestem\stemming">
      <UniqueIdentifier>{fddd72ab-eda0-4905-8506-ab077662ee8a}</UniqueIdentifier>
    </Filter>
    <Filter Include="include\olestem\utilities">
      <UniqueIdentifier>{687a9c3b-6a29-425a-bb51-2c08fe6763bb}</UniqueIdentifier>
    </Filter>
  </ItemGroup>
  <ItemGroup>
    <ClInclude Include="targetver.h">
      <Filter>Header Files</Filter>
    </ClInclude>
    <ClInclude Include="MyApp.h">
      <Filter>Header Files</Filter>
    </ClInclude>
    <ClInclude Include="MyFrame.h">
      <Filter>Header Files</Filter>
    </ClInclude>
    <ClInclude Include="MenuPanel.h">
      <Filter>Header Files</Filter>
    </ClInclude>
    <ClInclude Include="ChatbotPanel.h">
      <Filter>Header Files</Filter>
    </ClInclude>
    <ClInclude Include="AboutUsPanel.h">
      <Filter>Header Files</Filter>
    </ClInclude>
    <ClInclude Include="Message.h">
      <Filter>Header Files</Filter>
    </ClInclude>
    <ClInclude Include="PDFReader.h">
      <Filter>Header Files</Filter>
    </ClInclude>
    <ClInclude Include="C:\Users\Asus\Desktop\test stemming\portret_stemming\include\olestem\indexing\common_lang_constants.h">
      <Filter>include\olestem\indexing</Filter>
    </ClInclude>
    <ClInclude Include="C:\Users\Asus\Desktop\test stemming\portret_stemming\include\olestem\indexing\string_util.h">
      <Filter>include\olestem\indexing</Filter>
    </ClInclude>
    <ClInclude Include="C:\Users\Asus\Desktop\test stemming\portret_stemming\include\olestem\stemming\norwegian_stem.h">
      <Filter>include\olestem\stemming</Filter>
    </ClInclude>
    <ClInclude Include="C:\Users\Asus\Desktop\test stemming\portret_stemming\include\olestem\stemming\portuguese_stem.h">
      <Filter>include\olestem\stemming</Filter>
    </ClInclude>
    <ClInclude Include="C:\Users\Asus\Desktop\test stemming\portret_stemming\include\olestem\stemming\russian_stem.h">
      <Filter>include\olestem\stemming</Filter>
    </ClInclude>
    <ClInclude Include="C:\Users\Asus\Desktop\test stemming\portret_stemming\include\olestem\stemming\spanish_stem.h">
      <Filter>include\olestem\stemming</Filter>
    </ClInclude>
    <ClInclude Include="C:\Users\Asus\Desktop\test stemming\portret_stemming\include\olestem\stemming\stemming.h">
      <Filter>include\olestem\stemming</Filter>
    </ClInclude>
    <ClInclude Include="C:\Users\Asus\Desktop\test stemming\portret_stemming\include\olestem\stemming\swedish_stem.h">
      <Filter>include\olestem\stemming</Filter>
    </ClInclude>
    <ClInclude Include="C:\Users\Asus\Desktop\test stemming\portret_stemming\include\olestem\stemming\danish_stem.h">
      <Filter>include\olestem\stemming</Filter>
    </ClInclude>
    <ClInclude Include="C:\Users\Asus\Desktop\test stemming\portret_stemming\include\olestem\stemming\dutch_stem.h">
      <Filter>include\olestem\stemming</Filter>
    </ClInclude>
    <ClInclude Include="C:\Users\Asus\Desktop\test stemming\portret_stemming\include\olestem\stemming\finnish_stem.h">
      <Filter>include\olestem\stemming</Filter>
    </ClInclude>
    <ClInclude Include="C:\Users\Asus\Desktop\test stemming\portret_stemming\include\olestem\stemming\french_stem.h">
      <Filter>include\olestem\stemming</Filter>
    </ClInclude>
    <ClInclude Include="C:\Users\Asus\Desktop\test stemming\portret_stemming\include\olestem\stemming\german_stem.h">
      <Filter>include\olestem\stemming</Filter>
    </ClInclude>
    <ClInclude Include="C:\Users\Asus\Desktop\test stemming\portret_stemming\include\olestem\stemming\italian_stem.h">
      <Filter>include\olestem\stemming</Filter>
    </ClInclude>
    <ClInclude Include="C:\Users\Asus\Desktop\test stemming\portret_stemming\include\olestem\stemming\english_stem.h">
      <Filter>include\olestem\stemming</Filter>
    </ClInclude>
    <ClInclude Include="C:\Users\Asus\Desktop\test stemming\portret_stemming\include\olestem\utilities\debug_logic.h">
      <Filter>include\olestem\utilities</Filter>
    </ClInclude>
    <ClInclude Include="C:\Users\Asus\Desktop\test stemming\portret_stemming\include\olestem\utilities\safe_math.h">
      <Filter>include\olestem\utilities</Filter>
    </ClInclude>
    <ClInclude Include="C:\Users\Asus\Desktop\test stemming\portret_stemming\include\olestem\utilities\utilities.h">
      <Filter>include\olestem\utilities</Filter>
    </ClInclude>
    <ClInclude Include="OpenPDF.h">
      <Filter>Header Files</Filter>
    </ClInclude>
    <ClInclude Include="TFIDFMatrixCreator.h">
      <Filter>Header Files</Filter>
    </ClInclude>
    <ClInclude Include="TFIDFDatabase.h">
      <Filter>Header Files</Filter>
    </ClInclude>
  </ItemGroup>
  <ItemGroup>
    <ClCompile Include="ChatBot.cpp">
      <Filter>Source Files</Filter>
    </ClCompile>
    <ClCompile Include="MyApp.cpp">
      <Filter>Source Files</Filter>
    </ClCompile>
    <ClCompile Include="MyFrame.cpp">
      <Filter>Source Files</Filter>
    </ClCompile>
    <ClCompile Include="MenuPanel.cpp">
      <Filter>Source Files</Filter>
    </ClCompile>
    <ClCompile Include="ChatbotPanel.cpp">
      <Filter>Source Files</Filter>
    </ClCompile>
    <ClCompile Include="AboutUsPanel.cpp">
      <Filter>Source Files</Filter>
    </ClCompile>
    <ClCompile Include="Message.cpp">
      <Filter>Source Files</Filter>
    </ClCompile>
    <ClCompile Include="PDFReader.cpp">
      <Filter>Source Files</Filter>
    </ClCompile>
    <ClCompile Include="OpenPDF.cpp">
      <Filter>Source Files</Filter>
    </ClCompile>
    <ClCompile Include="TFIDFMatrixCreator.cpp">
      <Filter>Source Files</Filter>
    </ClCompile>
    <ClCompile Include="TFIDFDatabase.cpp">
      <Filter>Source Files</Filter>
    </ClCompile>
  </ItemGroup>
</Project>